
Microsoft Visual Studio Solution File, Format Version 12.00
# Visual Studio Version 17
VisualStudioVersion = 17.4.33110.190
MinimumVisualStudioVersion = 10.0.40219.1
Project("{9A19103F-16F7-4668-BE54-9A1E7A4F7556}") = "GrpcContracts", "GrpcContracts\GrpcContracts.csproj", "{65B98011-9E74-47E0-A005-D2CE2390CD69}"
EndProject
Global
	GlobalSection(SolutionConfigurationPlatforms) = preSolution
		Debug|Any CPU = Debug|Any CPU
		Release|Any CPU = Release|Any CPU
	EndGlobalSection
	GlobalSection(ProjectConfigurationPlatforms) = postSolution
		{65B98011-9E74-47E0-A005-D2CE2390CD69}.Debug|Any CPU.ActiveCfg = Release|Any CPU
		{65B98011-9E74-47E0-A005-D2CE2390CD69}.Debug|Any CPU.Build.0 = Release|Any CPU
		{65B98011-9E74-47E0-A005-D2CE2390CD69}.Release|Any CPU.ActiveCfg = Release|Any CPU
		{65B98011-9E74-47E0-A005-D2CE2390CD69}.Release|Any CPU.Build.0 = Release|Any CPU
	EndGlobalSection
	GlobalSection(SolutionProperties) = preSolution
		HideSolutionNode = FALSE
	EndGlobalSection
	GlobalSection(ExtensibilityGlobals) = postSolution
		SolutionGuid = {369F1E8C-B3B9-4002-BF32-E93F5F288DDD}
	EndGlobalSection
EndGlobal
